
Microsoft Visual Studio Solution File, Format Version 12.00
# Visual Studio 14
VisualStudioVersion = 14.0.23107.0
MinimumVisualStudioVersion = 10.0.40219.1
Project("{FAE04EC0-301F-11D3-BF4B-00C04F79EFBC}") = "School.Data", "School.Data\School.Data.csproj", "{911008E3-8183-4EA6-A522-7A9D088D56D2}"
EndProject
Project("{FAE04EC0-301F-11D3-BF4B-00C04F79EFBC}") = "School.Importer", "School.Importer\School.Importer.csproj", "{B927151C-6C3F-4733-BA10-CC2D9C32D0D7}"
EndProject
Project("{FAE04EC0-301F-11D3-BF4B-00C04F79EFBC}") = "School.DatabaseContext", "School.DatabaseContext\School.DatabaseContext.csproj", "{8C14A4DA-C752-490F-83A9-9C0914457AAB}"
EndProject
Global
	GlobalSection(SolutionConfigurationPlatforms) = preSolution
		Debug|Any CPU = Debug|Any CPU
		Release|Any CPU = Release|Any CPU
	EndGlobalSection
	GlobalSection(ProjectConfigurationPlatforms) = postSolution
		{911008E3-8183-4EA6-A522-7A9D088D56D2}.Debug|Any CPU.ActiveCfg = Debug|Any CPU
		{911008E3-8183-4EA6-A522-7A9D088D56D2}.Debug|Any CPU.Build.0 = Debug|Any CPU
		{911008E3-8183-4EA6-A522-7A9D088D56D2}.Release|Any CPU.ActiveCfg = Release|Any CPU
		{911008E3-8183-4EA6-A522-7A9D088D56D2}.Release|Any CPU.Build.0 = Release|Any CPU
		{B927151C-6C3F-4733-BA10-CC2D9C32D0D7}.Debug|Any CPU.ActiveCfg = Debug|Any CPU
		{B927151C-6C3F-4733-BA10-CC2D9C32D0D7}.Debug|Any CPU.Build.0 = Debug|Any CPU
		{B927151C-6C3F-4733-BA10-CC2D9C32D0D7}.Release|Any CPU.ActiveCfg = Release|Any CPU
		{B927151C-6C3F-4733-BA10-CC2D9C32D0D7}.Release|Any CPU.Build.0 = Release|Any CPU
		{8C14A4DA-C752-490F-83A9-9C0914457AAB}.Debug|Any CPU.ActiveCfg = Debug|Any CPU
		{8C14A4DA-C752-490F-83A9-9C0914457AAB}.Debug|Any CPU.Build.0 = Debug|Any CPU
		{8C14A4DA-C752-490F-83A9-9C0914457AAB}.Release|Any CPU.ActiveCfg = Release|Any CPU
		{8C14A4DA-C752-490F-83A9-9C0914457AAB}.Release|Any CPU.Build.0 = Release|Any CPU
	EndGlobalSection
	GlobalSection(SolutionProperties) = preSolution
		HideSolutionNode = FALSE
	EndGlobalSection
EndGlobal
