
Microsoft Visual Studio Solution File, Format Version 12.00
# Visual Studio 14
VisualStudioVersion = 14.0.23107.0
MinimumVisualStudioVersion = 10.0.40219.1
Project("{FAE04EC0-301F-11D3-BF4B-00C04F79EFBC}") = "1.NumberOfRowsInCategories", "1.NumberOfRowsInCategories\1.NumberOfRowsInCategories.csproj", "{6C74C25C-A0D1-4D7A-B09E-CF69FA97E129}"
EndProject
Project("{FAE04EC0-301F-11D3-BF4B-00C04F79EFBC}") = "2.CategoriesNameAndDescription", "2.CategoriesNameAndDescription\2.CategoriesNameAndDescription.csproj", "{9C6A4634-147A-45B5-8405-4696CFCE70AD}"
EndProject
Project("{FAE04EC0-301F-11D3-BF4B-00C04F79EFBC}") = "3.ProductsInEachCategory", "3.ProductsInEachCategory\3.ProductsInEachCategory.csproj", "{7D7831B2-58EE-4E93-B235-927E185E9439}"
EndProject
Project("{FAE04EC0-301F-11D3-BF4B-00C04F79EFBC}") = "4.AddProduct", "4.AddProduct\4.AddProduct.csproj", "{A23BECDC-3E59-446E-BDEA-FED25EB9C82A}"
EndProject
Project("{FAE04EC0-301F-11D3-BF4B-00C04F79EFBC}") = "5.RetrieveImages", "5.RetrieveImages\5.RetrieveImages.csproj", "{07B35526-437E-491B-8813-DB47CAD4DDA8}"
EndProject
Project("{FAE04EC0-301F-11D3-BF4B-00C04F79EFBC}") = "6.ReadExcel", "6.ReadExcel\6.ReadExcel.csproj", "{9D7A39DD-F35F-46B5-B7F3-4CFB80FB9C6B}"
EndProject
Project("{FAE04EC0-301F-11D3-BF4B-00C04F79EFBC}") = "7.WriteToExcel", "7.WriteToExcel\7.WriteToExcel.csproj", "{31C9F9E4-D5B8-476E-B13E-BFB8A5C8DFF4}"
EndProject
Project("{FAE04EC0-301F-11D3-BF4B-00C04F79EFBC}") = "8.SearchInProducts", "8.SearchInProducts\8.SearchInProducts.csproj", "{7CA5251E-2707-41D1-939B-83D0C2E0709C}"
EndProject
Project("{FAE04EC0-301F-11D3-BF4B-00C04F79EFBC}") = "9.MySQL", "9.MySQL\9.MySQL.csproj", "{87D25CA0-80A8-4C93-AFD5-EA3F476062A7}"
EndProject
Project("{FAE04EC0-301F-11D3-BF4B-00C04F79EFBC}") = "10.SQLite", "10.SQLite\10.SQLite.csproj", "{AB8BC6CA-D238-4FFD-9D14-284DBBDA76FB}"
EndProject
Global
	GlobalSection(SolutionConfigurationPlatforms) = preSolution
		Debug|Any CPU = Debug|Any CPU
		Release|Any CPU = Release|Any CPU
	EndGlobalSection
	GlobalSection(ProjectConfigurationPlatforms) = postSolution
		{6C74C25C-A0D1-4D7A-B09E-CF69FA97E129}.Debug|Any CPU.ActiveCfg = Debug|Any CPU
		{6C74C25C-A0D1-4D7A-B09E-CF69FA97E129}.Debug|Any CPU.Build.0 = Debug|Any CPU
		{6C74C25C-A0D1-4D7A-B09E-CF69FA97E129}.Release|Any CPU.ActiveCfg = Release|Any CPU
		{6C74C25C-A0D1-4D7A-B09E-CF69FA97E129}.Release|Any CPU.Build.0 = Release|Any CPU
		{9C6A4634-147A-45B5-8405-4696CFCE70AD}.Debug|Any CPU.ActiveCfg = Debug|Any CPU
		{9C6A4634-147A-45B5-8405-4696CFCE70AD}.Debug|Any CPU.Build.0 = Debug|Any CPU
		{9C6A4634-147A-45B5-8405-4696CFCE70AD}.Release|Any CPU.ActiveCfg = Release|Any CPU
		{9C6A4634-147A-45B5-8405-4696CFCE70AD}.Release|Any CPU.Build.0 = Release|Any CPU
		{7D7831B2-58EE-4E93-B235-927E185E9439}.Debug|Any CPU.ActiveCfg = Debug|Any CPU
		{7D7831B2-58EE-4E93-B235-927E185E9439}.Debug|Any CPU.Build.0 = Debug|Any CPU
		{7D7831B2-58EE-4E93-B235-927E185E9439}.Release|Any CPU.ActiveCfg = Release|Any CPU
		{7D7831B2-58EE-4E93-B235-927E185E9439}.Release|Any CPU.Build.0 = Release|Any CPU
		{A23BECDC-3E59-446E-BDEA-FED25EB9C82A}.Debug|Any CPU.ActiveCfg = Debug|Any CPU
		{A23BECDC-3E59-446E-BDEA-FED25EB9C82A}.Debug|Any CPU.Build.0 = Debug|Any CPU
		{A23BECDC-3E59-446E-BDEA-FED25EB9C82A}.Release|Any CPU.ActiveCfg = Release|Any CPU
		{A23BECDC-3E59-446E-BDEA-FED25EB9C82A}.Release|Any CPU.Build.0 = Release|Any CPU
		{07B35526-437E-491B-8813-DB47CAD4DDA8}.Debug|Any CPU.ActiveCfg = Debug|Any CPU
		{07B35526-437E-491B-8813-DB47CAD4DDA8}.Debug|Any CPU.Build.0 = Debug|Any CPU
		{07B35526-437E-491B-8813-DB47CAD4DDA8}.Release|Any CPU.ActiveCfg = Release|Any CPU
		{07B35526-437E-491B-8813-DB47CAD4DDA8}.Release|Any CPU.Build.0 = Release|Any CPU
		{9D7A39DD-F35F-46B5-B7F3-4CFB80FB9C6B}.Debug|Any CPU.ActiveCfg = Debug|Any CPU
		{9D7A39DD-F35F-46B5-B7F3-4CFB80FB9C6B}.Debug|Any CPU.Build.0 = Debug|Any CPU
		{9D7A39DD-F35F-46B5-B7F3-4CFB80FB9C6B}.Release|Any CPU.ActiveCfg = Release|Any CPU
		{9D7A39DD-F35F-46B5-B7F3-4CFB80FB9C6B}.Release|Any CPU.Build.0 = Release|Any CPU
		{31C9F9E4-D5B8-476E-B13E-BFB8A5C8DFF4}.Debug|Any CPU.ActiveCfg = Debug|Any CPU
		{31C9F9E4-D5B8-476E-B13E-BFB8A5C8DFF4}.Debug|Any CPU.Build.0 = Debug|Any CPU
		{31C9F9E4-D5B8-476E-B13E-BFB8A5C8DFF4}.Release|Any CPU.ActiveCfg = Release|Any CPU
		{31C9F9E4-D5B8-476E-B13E-BFB8A5C8DFF4}.Release|Any CPU.Build.0 = Release|Any CPU
		{7CA5251E-2707-41D1-939B-83D0C2E0709C}.Debug|Any CPU.ActiveCfg = Debug|Any CPU
		{7CA5251E-2707-41D1-939B-83D0C2E0709C}.Debug|Any CPU.Build.0 = Debug|Any CPU
		{7CA5251E-2707-41D1-939B-83D0C2E0709C}.Release|Any CPU.ActiveCfg = Release|Any CPU
		{7CA5251E-2707-41D1-939B-83D0C2E0709C}.Release|Any CPU.Build.0 = Release|Any CPU
		{87D25CA0-80A8-4C93-AFD5-EA3F476062A7}.Debug|Any CPU.ActiveCfg = Debug|Any CPU
		{87D25CA0-80A8-4C93-AFD5-EA3F476062A7}.Debug|Any CPU.Build.0 = Debug|Any CPU
		{87D25CA0-80A8-4C93-AFD5-EA3F476062A7}.Release|Any CPU.ActiveCfg = Release|Any CPU
		{87D25CA0-80A8-4C93-AFD5-EA3F476062A7}.Release|Any CPU.Build.0 = Release|Any CPU
		{AB8BC6CA-D238-4FFD-9D14-284DBBDA76FB}.Debug|Any CPU.ActiveCfg = Debug|Any CPU
		{AB8BC6CA-D238-4FFD-9D14-284DBBDA76FB}.Debug|Any CPU.Build.0 = Debug|Any CPU
		{AB8BC6CA-D238-4FFD-9D14-284DBBDA76FB}.Release|Any CPU.ActiveCfg = Release|Any CPU
		{AB8BC6CA-D238-4FFD-9D14-284DBBDA76FB}.Release|Any CPU.Build.0 = Release|Any CPU
	EndGlobalSection
	GlobalSection(SolutionProperties) = preSolution
		HideSolutionNode = FALSE
	EndGlobalSection
EndGlobal
